version = 1
revision = 2
requires-python = ">=3.12"

[[package]]
name = "mistune"
version = "3.1.4"
source = { registry = "https://pypi.org/simple" }
sdist = { url = "https://files.pythonhosted.org/packages/d7/02/a7fb8b21d4d55ac93cdcde9d3638da5dd0ebdd3a4fed76c7725e10b81cbe/mistune-3.1.4.tar.gz", hash = "sha256:b5a7f801d389f724ec702840c11d8fc48f2b33519102fc7ee739e8177b672164", size = 94588, upload-time = "2025-08-29T07:20:43.594Z" }
wheels = [
    { url = "https://files.pythonhosted.org/packages/7a/f0/8282d9641415e9e33df173516226b404d367a0fc55e1a60424a152913abc/mistune-3.1.4-py3-none-any.whl", hash = "sha256:93691da911e5d9d2e23bc54472892aff676df27a75274962ff9edc210364266d", size = 53481, upload-time = "2025-08-29T07:20:42.218Z" },
]

[[package]]
name = "unc-daily-notes"
version = "0.1.0"
source = { virtual = "." }
dependencies = [
    { name = "mistune" },
]

[package.metadata]
requires-dist = [{ name = "mistune", specifier = ">=3.1.4" }]
